
Microsoft Visual Studio Solution File, Format Version 12.00
# Visual Studio 15
VisualStudioVersion = 15.0.28010.2003
MinimumVisualStudioVersion = 10.0.40219.1
Project("{9A19103F-16F7-4668-BE54-9A1E7A4F7556}") = "CounterPartyImporter.Web", "CounterPartyImporter.Web\CounterPartyImporter.Web.csproj", "{24155099-D368-411F-B869-B72E3BB17D58}"
EndProject
Project("{9A19103F-16F7-4668-BE54-9A1E7A4F7556}") = "CounterPartyDomain", "CounterPartyImporter\CounterPartyDomain.csproj", "{B7E194D0-0EB3-4FD5-8619-4C4D2FF40E2F}"
EndProject
Project("{9A19103F-16F7-4668-BE54-9A1E7A4F7556}") = "DataImporter.Tests", "CounterPartyImporter.Tests\DataImporter.Tests.csproj", "{3EBAE1F0-1821-4C13-A612-A60273414108}"
EndProject
Project("{FAE04EC0-301F-11D3-BF4B-00C04F79EFBC}") = "ConsoleApp", "ConsoleApp\ConsoleApp.csproj", "{CA96A527-EE6F-4098-BBD9-CD23D4386FCD}"
EndProject
Project("{FAE04EC0-301F-11D3-BF4B-00C04F79EFBC}") = "DataImporter", "DataImporter\DataImporter.csproj", "{1B144B78-EA97-4AAC-B239-C8C80C22B5D1}"
EndProject
Global
	GlobalSection(SolutionConfigurationPlatforms) = preSolution
		Debug|Any CPU = Debug|Any CPU
		Release|Any CPU = Release|Any CPU
	EndGlobalSection
	GlobalSection(ProjectConfigurationPlatforms) = postSolution
		{24155099-D368-411F-B869-B72E3BB17D58}.Debug|Any CPU.ActiveCfg = Debug|Any CPU
		{24155099-D368-411F-B869-B72E3BB17D58}.Debug|Any CPU.Build.0 = Debug|Any CPU
		{24155099-D368-411F-B869-B72E3BB17D58}.Release|Any CPU.ActiveCfg = Release|Any CPU
		{24155099-D368-411F-B869-B72E3BB17D58}.Release|Any CPU.Build.0 = Release|Any CPU
		{B7E194D0-0EB3-4FD5-8619-4C4D2FF40E2F}.Debug|Any CPU.ActiveCfg = Debug|Any CPU
		{B7E194D0-0EB3-4FD5-8619-4C4D2FF40E2F}.Debug|Any CPU.Build.0 = Debug|Any CPU
		{B7E194D0-0EB3-4FD5-8619-4C4D2FF40E2F}.Release|Any CPU.ActiveCfg = Release|Any CPU
		{B7E194D0-0EB3-4FD5-8619-4C4D2FF40E2F}.Release|Any CPU.Build.0 = Release|Any CPU
		{3EBAE1F0-1821-4C13-A612-A60273414108}.Debug|Any CPU.ActiveCfg = Debug|Any CPU
		{3EBAE1F0-1821-4C13-A612-A60273414108}.Debug|Any CPU.Build.0 = Debug|Any CPU
		{3EBAE1F0-1821-4C13-A612-A60273414108}.Release|Any CPU.ActiveCfg = Release|Any CPU
		{3EBAE1F0-1821-4C13-A612-A60273414108}.Release|Any CPU.Build.0 = Release|Any CPU
		{CA96A527-EE6F-4098-BBD9-CD23D4386FCD}.Debug|Any CPU.ActiveCfg = Debug|Any CPU
		{CA96A527-EE6F-4098-BBD9-CD23D4386FCD}.Debug|Any CPU.Build.0 = Debug|Any CPU
		{CA96A527-EE6F-4098-BBD9-CD23D4386FCD}.Release|Any CPU.ActiveCfg = Release|Any CPU
		{CA96A527-EE6F-4098-BBD9-CD23D4386FCD}.Release|Any CPU.Build.0 = Release|Any CPU
		{1B144B78-EA97-4AAC-B239-C8C80C22B5D1}.Debug|Any CPU.ActiveCfg = Debug|Any CPU
		{1B144B78-EA97-4AAC-B239-C8C80C22B5D1}.Debug|Any CPU.Build.0 = Debug|Any CPU
		{1B144B78-EA97-4AAC-B239-C8C80C22B5D1}.Release|Any CPU.ActiveCfg = Release|Any CPU
		{1B144B78-EA97-4AAC-B239-C8C80C22B5D1}.Release|Any CPU.Build.0 = Release|Any CPU
	EndGlobalSection
	GlobalSection(SolutionProperties) = preSolution
		HideSolutionNode = FALSE
	EndGlobalSection
	GlobalSection(ExtensibilityGlobals) = postSolution
		SolutionGuid = {83A37DAA-053F-4935-A4EA-31D6F98EB42C}
	EndGlobalSection
EndGlobal
